Microsoft Visual Studio Solution File, Format Version 11.00
# Visual Studio 2008

Project("{A846A74A-8222-37A5-E3B1-1D660252E5C9}") = "VRShooter", "Assembly-CSharp-firstpass.csproj", "{151FDD7E-B4A5-F3FA-AFAB-FE0FCF173D9F}"
EndProject
Project("{A846A74A-8222-37A5-E3B1-1D660252E5C9}") = "VRShooter", "Assembly-CSharp.csproj", "{A0892644-698F-E462-47A8-53293A579855}"
EndProject
Project("{A846A74A-8222-37A5-E3B1-1D660252E5C9}") = "VRShooter", "Assembly-CSharp-Editor.csproj", "{36DFB02D-03EE-BD23-2A77-D5B4ED7D0E27}"
EndProject
Global
	GlobalSection(SolutionConfigurationPlatforms) = preSolution
		Debug|Any CPU = Debug|Any CPU
		Release|Any CPU = Release|Any CPU
	EndGlobalSection
	GlobalSection(ProjectConfigurationPlatforms) = postSolution
		{151FDD7E-B4A5-F3FA-AFAB-FE0FCF173D9F}.Debug|Any CPU.ActiveCfg = Debug|Any CPU
		{151FDD7E-B4A5-F3FA-AFAB-FE0FCF173D9F}.Debug|Any CPU.Build.0 = Debug|Any CPU
		{151FDD7E-B4A5-F3FA-AFAB-FE0FCF173D9F}.Release|Any CPU.ActiveCfg = Release|Any CPU
		{151FDD7E-B4A5-F3FA-AFAB-FE0FCF173D9F}.Release|Any CPU.Build.0 = Release|Any CPU
		{A0892644-698F-E462-47A8-53293A579855}.Debug|Any CPU.ActiveCfg = Debug|Any CPU
		{A0892644-698F-E462-47A8-53293A579855}.Debug|Any CPU.Build.0 = Debug|Any CPU
		{A0892644-698F-E462-47A8-53293A579855}.Release|Any CPU.ActiveCfg = Release|Any CPU
		{A0892644-698F-E462-47A8-53293A579855}.Release|Any CPU.Build.0 = Release|Any CPU
		{36DFB02D-03EE-BD23-2A77-D5B4ED7D0E27}.Debug|Any CPU.ActiveCfg = Debug|Any CPU
		{36DFB02D-03EE-BD23-2A77-D5B4ED7D0E27}.Debug|Any CPU.Build.0 = Debug|Any CPU
		{36DFB02D-03EE-BD23-2A77-D5B4ED7D0E27}.Release|Any CPU.ActiveCfg = Release|Any CPU
		{36DFB02D-03EE-BD23-2A77-D5B4ED7D0E27}.Release|Any CPU.Build.0 = Release|Any CPU
	EndGlobalSection
	GlobalSection(SolutionProperties) = preSolution
		HideSolutionNode = FALSE
	EndGlobalSection
	GlobalSection(MonoDevelopProperties) = preSolution
		StartupItem = Assembly-CSharp.csproj
	EndGlobalSection
EndGlobal
